
Microsoft Visual Studio Solution File, Format Version 12.00
# Visual Studio Version 17
VisualStudioVersion = 17.7.34031.279
MinimumVisualStudioVersion = 10.0.40219.1
Project("{FAE04EC0-301F-11D3-BF4B-00C04F79EFBC}") = "API Restaurant", "API Restaurant.csproj", "{5F2752F4-6968-4D05-B560-97FEE2DCAD64}"
EndProject
Global
	GlobalSection(SolutionConfigurationPlatforms) = preSolution
		Debug|Any CPU = Debug|Any CPU
		Release|Any CPU = Release|Any CPU
	EndGlobalSection
	GlobalSection(ProjectConfigurationPlatforms) = postSolution
		{5F2752F4-6968-4D05-B560-97FEE2DCAD64}.Debug|Any CPU.ActiveCfg = Debug|Any CPU
		{5F2752F4-6968-4D05-B560-97FEE2DCAD64}.Debug|Any CPU.Build.0 = Debug|Any CPU
		{5F2752F4-6968-4D05-B560-97FEE2DCAD64}.Release|Any CPU.ActiveCfg = Release|Any CPU
		{5F2752F4-6968-4D05-B560-97FEE2DCAD64}.Release|Any CPU.Build.0 = Release|Any CPU
	EndGlobalSection
	GlobalSection(SolutionProperties) = preSolution
		HideSolutionNode = FALSE
	EndGlobalSection
	GlobalSection(ExtensibilityGlobals) = postSolution
		SolutionGuid = {BEE35D3B-18DC-468C-AF76-111F857EFB49}
	EndGlobalSection
EndGlobal
